// !$*UTF8*$!
{
	archiveVersion = 1;
	classes = {
	};
	objectVersion = 55;
	objects = {

/* Begin PBXBuildFile section */
		1A5C3D6C1692C29CB3AF1EBA /* Pods_AssignmentView.framework in Frameworks */ = {isa = PBXBuildFile; fileRef = 175F1ECF23A2287A2BAFFCB7 /* Pods_AssignmentView.framework */; };
		28729E1E28212083007BB461 /* SettingsTableViewCell.swift in Sources */ = {isa = PBXBuildFile; fileRef = 28729E1D28212083007BB461 /* SettingsTableViewCell.swift */; };
		28729E2028218F8C007BB461 /* Response.swift in Sources */ = {isa = PBXBuildFile; fileRef = 28729E1F28218F8C007BB461 /* Response.swift */; };
		2899F33E281B32A8002F3A41 /* AppDelegate.swift in Sources */ = {isa = PBXBuildFile; fileRef = 2899F33D281B32A8002F3A41 /* AppDelegate.swift */; };
		2899F340281B32A8002F3A41 /* SceneDelegate.swift in Sources */ = {isa = PBXBuildFile; fileRef = 2899F33F281B32A8002F3A41 /* SceneDelegate.swift */; };
		2899F342281B32A8002F3A41 /* AssignmentView.swift in Sources */ = {isa = PBXBuildFile; fileRef = 2899F341281B32A8002F3A41 /* AssignmentView.swift */; };
		2899F345281B32A8002F3A41 /* Main.storyboard in Resources */ = {isa = PBXBuildFile; fileRef = 2899F343281B32A8002F3A41 /* Main.storyboard */; };
		2899F347281B32A9002F3A41 /* Assets.xcassets in Resources */ = {isa = PBXBuildFile; fileRef = 2899F346281B32A9002F3A41 /* Assets.xcassets */; };
		2899F34A281B32A9002F3A41 /* LaunchScreen.storyboard in Resources */ = {isa = PBXBuildFile; fileRef = 2899F348281B32A9002F3A41 /* LaunchScreen.storyboard */; };
		2899F355281B32A9002F3A41 /* AssignmentViewTests.swift in Sources */ = {isa = PBXBuildFile; fileRef = 2899F354281B32A9002F3A41 /* AssignmentViewTests.swift */; };
		2899F35F281B32A9002F3A41 /* AssignmentViewUITests.swift in Sources */ = {isa = PBXBuildFile; fileRef = 2899F35E281B32A9002F3A41 /* AssignmentViewUITests.swift */; };
		2899F361281B32A9002F3A41 /* AssignmentViewUITestsLaunchTests.swift in Sources */ = {isa = PBXBuildFile; fileRef = 2899F360281B32A9002F3A41 /* AssignmentViewUITestsLaunchTests.swift */; };
		28ABC36328202AA300D4F93B /* NetworkingService.swift in Sources */ = {isa = PBXBuildFile; fileRef = 28ABC36228202AA300D4F93B /* NetworkingService.swift */; };
		28ABC3652820335E00D4F93B /* circleProgress.swift in Sources */ = {isa = PBXBuildFile; fileRef = 28ABC3642820335E00D4F93B /* circleProgress.swift */; };
		28ABC367282066FF00D4F93B /* SettingsViewController.swift in Sources */ = {isa = PBXBuildFile; fileRef = 28ABC366282066FF00D4F93B /* SettingsViewController.swift */; };
		28CCD4B4281F2BBD0063E0C9 /* AssignmentViewCollectionViewCell.swift in Sources */ = {isa = PBXBuildFile; fileRef = 28CCD4B3281F2BBD0063E0C9 /* AssignmentViewCollectionViewCell.swift */; };
		28EF32442822E79B00D18B78 /* UIColorExtension.swift in Sources */ = {isa = PBXBuildFile; fileRef = 28EF32432822E79B00D18B78 /* UIColorExtension.swift */; };
		AB084617D9D9599872205181 /* Pods_AssignmentView_AssignmentViewUITests.framework in Frameworks */ = {isa = PBXBuildFile; fileRef = 5AA60088A061167C74AEE3CE /* Pods_AssignmentView_AssignmentViewUITests.framework */; };
		F18107038940F36A9719A67A /* Pods_AssignmentViewTests.framework in Frameworks */ = {isa = PBXBuildFile; fileRef = ED4D2E30671DFF212E3F8091 /* Pods_AssignmentViewTests.framework */; };
/* End PBXBuildFile section */

/* Begin PBXContainerItemProxy section */
		2899F351281B32A9002F3A41 /* PBXContainerItemProxy */ = {
			isa = PBXContainerItemProxy;
			containerPortal = 2899F332281B32A8002F3A41 /* Project object */;
			proxyType = 1;
			remoteGlobalIDString = 2899F339281B32A8002F3A41;
			remoteInfo = AssignmentView;
		};
		2899F35B281B32A9002F3A41 /* PBXContainerItemProxy */ = {
			isa = PBXContainerItemProxy;
			containerPortal = 2899F332281B32A8002F3A41 /* Project object */;
			proxyType = 1;
			remoteGlobalIDString = 2899F339281B32A8002F3A41;
			remoteInfo = AssignmentView;
		};
/* End PBXContainerItemProxy section */

/* Begin PBXFileReference section */
		175F1ECF23A2287A2BAFFCB7 /* Pods_AssignmentView.framework */ = {isa = PBXFileReference; explicitFileType = wrapper.framework; includeInIndex = 0; path = Pods_AssignmentView.framework; sourceTree = BUILT_PRODUCTS_DIR; };
		28729E1D28212083007BB461 /* SettingsTableViewCell.swift */ = {isa = PBXFileReference; lastKnownFileType = sourcecode.swift; path = SettingsTableViewCell.swift; sourceTree = "<group>"; };
		28729E1F28218F8C007BB461 /* Response.swift */ = {isa = PBXFileReference; lastKnownFileType = sourcecode.swift; path = Response.swift; sourceTree = "<group>"; };
		2899F33A281B32A8002F3A41 /* AssignmentView.app */ = {isa = PBXFileReference; explicitFileType = wrapper.application; includeInIndex = 0; path = AssignmentView.app; sourceTree = BUILT_PRODUCTS_DIR; };
		2899F33D281B32A8002F3A41 /* AppDelegate.swift */ = {isa = PBXFileReference; lastKnownFileType = sourcecode.swift; path = AppDelegate.swift; sourceTree = "<group>"; };
		2899F33F281B32A8002F3A41 /* SceneDelegate.swift */ = {isa = PBXFileReference; lastKnownFileType = sourcecode.swift; path = SceneDelegate.swift; sourceTree = "<group>"; };
		2899F341281B32A8002F3A41 /* AssignmentView.swift */ = {isa = PBXFileReference; lastKnownFileType = sourcecode.swift; path = AssignmentView.swift; sourceTree = "<group>"; };
		2899F344281B32A8002F3A41 /* Base */ = {isa = PBXFileReference; lastKnownFileType = file.storyboard; name = Base; path = Base.lproj/Main.storyboard; sourceTree = "<group>"; };
		2899F346281B32A9002F3A41 /* Assets.xcassets */ = {isa = PBXFileReference; lastKnownFileType = folder.assetcatalog; path = Assets.xcassets; sourceTree = "<group>"; };
		2899F349281B32A9002F3A41 /* Base */ = {isa = PBXFileReference; lastKnownFileType = file.storyboard; name = Base; path = Base.lproj/LaunchScreen.storyboard; sourceTree = "<group>"; };
		2899F34B281B32A9002F3A41 /* Info.plist */ = {isa = PBXFileReference; lastKnownFileType = text.plist.xml; path = Info.plist; sourceTree = "<group>"; };
		2899F350281B32A9002F3A41 /* AssignmentViewTests.xctest */ = {isa = PBXFileReference; explicitFileType = wrapper.cfbundle; includeInIndex = 0; path = AssignmentViewTests.xctest; sourceTree = BUILT_PRODUCTS_DIR; };
		2899F354281B32A9002F3A41 /* AssignmentViewTests.swift */ = {isa = PBXFileReference; lastKnownFileType = sourcecode.swift; path = AssignmentViewTests.swift; sourceTree = "<group>"; };
		2899F35A281B32A9002F3A41 /* AssignmentViewUITests.xctest */ = {isa = PBXFileReference; explicitFileType = wrapper.cfbundle; includeInIndex = 0; path = AssignmentViewUITests.xctest; sourceTree = BUILT_PRODUCTS_DIR; };
		2899F35E281B32A9002F3A41 /* AssignmentViewUITests.swift */ = {isa = PBXFileReference; lastKnownFileType = sourcecode.swift; path = AssignmentViewUITests.swift; sourceTree = "<group>"; };
		2899F360281B32A9002F3A41 /* AssignmentViewUITestsLaunchTests.swift */ = {isa = PBXFileReference; lastKnownFileType = sourcecode.swift; path = AssignmentViewUITestsLaunchTests.swift; sourceTree = "<group>"; };
		28ABC36228202AA300D4F93B /* NetworkingService.swift */ = {isa = PBXFileReference; lastKnownFileType = sourcecode.swift; path = NetworkingService.swift; sourceTree = "<group>"; };
		28ABC3642820335E00D4F93B /* circleProgress.swift */ = {isa = PBXFileReference; lastKnownFileType = sourcecode.swift; path = circleProgress.swift; sourceTree = "<group>"; };
		28ABC366282066FF00D4F93B /* SettingsViewController.swift */ = {isa = PBXFileReference; lastKnownFileType = sourcecode.swift; path = SettingsViewController.swift; sourceTree = "<group>"; };
		28CCD4B3281F2BBD0063E0C9 /* AssignmentViewCollectionViewCell.swift */ = {isa = PBXFileReference; lastKnownFileType = sourcecode.swift; path = AssignmentViewCollectionViewCell.swift; sourceTree = "<group>"; };
		28EF32432822E79B00D18B78 /* UIColorExtension.swift */ = {isa = PBXFileReference; lastKnownFileType = sourcecode.swift; path = UIColorExtension.swift; sourceTree = "<group>"; };
		3AE2EBEACAF2305EE2C95B77 /* Pods-AssignmentViewTests.release.xcconfig */ = {isa = PBXFileReference; includeInIndex = 1; lastKnownFileType = text.xcconfig; name = "Pods-AssignmentViewTests.release.xcconfig"; path = "Target Support Files/Pods-AssignmentViewTests/Pods-AssignmentViewTests.release.xcconfig"; sourceTree = "<group>"; };
		5AA60088A061167C74AEE3CE /* Pods_AssignmentView_AssignmentViewUITests.framework */ = {isa = PBXFileReference; explicitFileType = wrapper.framework; includeInIndex = 0; path = Pods_AssignmentView_AssignmentViewUITests.framework; sourceTree = BUILT_PRODUCTS_DIR; };
		890E29B5131E5C524D8C08E3 /* Pods-AssignmentViewTests.debug.xcconfig */ = {isa = PBXFileReference; includeInIndex = 1; lastKnownFileType = text.xcconfig; name = "Pods-AssignmentViewTests.debug.xcconfig"; path = "Target Support Files/Pods-AssignmentViewTests/Pods-AssignmentViewTests.debug.xcconfig"; sourceTree = "<group>"; };
		99196B74655E96E175E3C22E /* Pods-AssignmentView.release.xcconfig */ = {isa = PBXFileReference; includeInIndex = 1; lastKnownFileType = text.xcconfig; name = "Pods-AssignmentView.release.xcconfig"; path = "Target Support Files/Pods-AssignmentView/Pods-AssignmentView.release.xcconfig"; sourceTree = "<group>"; };
		A4EE4C3A71689F10FD5256D6 /* Pods-AssignmentView.debug.xcconfig */ = {isa = PBXFileReference; includeInIndex = 1; lastKnownFileType = text.xcconfig; name = "Pods-AssignmentView.debug.xcconfig"; path = "Target Support Files/Pods-AssignmentView/Pods-AssignmentView.debug.xcconfig"; sourceTree = "<group>"; };
		B9CA10CF3968DD9FDFF291DC /* Pods-AssignmentView-AssignmentViewUITests.release.xcconfig */ = {isa = PBXFileReference; includeInIndex = 1; lastKnownFileType = text.xcconfig; name = "Pods-AssignmentView-AssignmentViewUITests.release.xcconfig"; path = "Target Support Files/Pods-AssignmentView-AssignmentViewUITests/Pods-AssignmentView-AssignmentViewUITests.release.xcconfig"; sourceTree = "<group>"; };
		CB7FF0EA32B20612397AFC21 /* Pods-AssignmentView-AssignmentViewUITests.debug.xcconfig */ = {isa = PBXFileReference; includeInIndex = 1; lastKnownFileType = text.xcconfig; name = "Pods-AssignmentView-AssignmentViewUITests.debug.xcconfig"; path = "Target Support Files/Pods-AssignmentView-AssignmentViewUITests/Pods-AssignmentView-AssignmentViewUITests.debug.xcconfig"; sourceTree = "<group>"; };
		ED4D2E30671DFF212E3F8091 /* Pods_AssignmentViewTests.framework */ = {isa = PBXFileReference; explicitFileType = wrapper.framework; includeInIndex = 0; path = Pods_AssignmentViewTests.framework; sourceTree = BUILT_PRODUCTS_DIR; };
/* End PBXFileReference section */

/* Begin PBXFrameworksBuildPhase section */
		2899F337281B32A8002F3A41 /* Frameworks */ = {
			isa = PBXFrameworksBuildPhase;
			buildActionMask = 2147483647;
			files = (
				1A5C3D6C1692C29CB3AF1EBA /* Pods_AssignmentView.framework in Frameworks */,
			);
			runOnlyForDeploymentPostprocessing = 0;
		};
		2899F34D281B32A9002F3A41 /* Frameworks */ = {
			isa = PBXFrameworksBuildPhase;
			buildActionMask = 2147483647;
			files = (
				F18107038940F36A9719A67A /* Pods_AssignmentViewTests.framework in Frameworks */,
			);
			runOnlyForDeploymentPostprocessing = 0;
		};
		2899F357281B32A9002F3A41 /* Frameworks */ = {
			isa = PBXFrameworksBuildPhase;
			buildActionMask = 2147483647;
			files = (
				AB084617D9D9599872205181 /* Pods_AssignmentView_AssignmentViewUITests.framework in Frameworks */,
			);
			runOnlyForDeploymentPostprocessing = 0;
		};
/* End PBXFrameworksBuildPhase section */

/* Begin PBXGroup section */
		2899F331281B32A8002F3A41 = {
			isa = PBXGroup;
			children = (
				2899F33C281B32A8002F3A41 /* AssignmentView */,
				2899F353281B32A9002F3A41 /* AssignmentViewTests */,
				2899F35D281B32A9002F3A41 /* AssignmentViewUITests */,
				2899F33B281B32A8002F3A41 /* Products */,
				38A9C45473613ADE7BE2FDB6 /* Pods */,
				6C26B07B22FED4CDA60F099E /* Frameworks */,
			);
			sourceTree = "<group>";
		};
		2899F33B281B32A8002F3A41 /* Products */ = {
			isa = PBXGroup;
			children = (
				2899F33A281B32A8002F3A41 /* AssignmentView.app */,
				2899F350281B32A9002F3A41 /* AssignmentViewTests.xctest */,
				2899F35A281B32A9002F3A41 /* AssignmentViewUITests.xctest */,
			);
			name = Products;
			sourceTree = "<group>";
		};
		2899F33C281B32A8002F3A41 /* AssignmentView */ = {
			isa = PBXGroup;
			children = (
				2899F33D281B32A8002F3A41 /* AppDelegate.swift */,
				2899F33F281B32A8002F3A41 /* SceneDelegate.swift */,
				2899F341281B32A8002F3A41 /* AssignmentView.swift */,
				28CCD4B3281F2BBD0063E0C9 /* AssignmentViewCollectionViewCell.swift */,
				28EF32422822E78600D18B78 /* Extensions */,
				28ABC36228202AA300D4F93B /* NetworkingService.swift */,
				28729E1F28218F8C007BB461 /* Response.swift */,
				28ABC3642820335E00D4F93B /* circleProgress.swift */,
				28ABC366282066FF00D4F93B /* SettingsViewController.swift */,
				28729E1D28212083007BB461 /* SettingsTableViewCell.swift */,
				2899F343281B32A8002F3A41 /* Main.storyboard */,
				2899F346281B32A9002F3A41 /* Assets.xcassets */,
				2899F348281B32A9002F3A41 /* LaunchScreen.storyboard */,
				2899F34B281B32A9002F3A41 /* Info.plist */,
			);
			path = AssignmentView;
			sourceTree = "<group>";
		};
		2899F353281B32A9002F3A41 /* AssignmentViewTests */ = {
			isa = PBXGroup;
			children = (
				2899F354281B32A9002F3A41 /* AssignmentViewTests.swift */,
			);
			path = AssignmentViewTests;
			sourceTree = "<group>";
		};
		2899F35D281B32A9002F3A41 /* AssignmentViewUITests */ = {
			isa = PBXGroup;
			children = (
				2899F35E281B32A9002F3A41 /* AssignmentViewUITests.swift */,
				2899F360281B32A9002F3A41 /* AssignmentViewUITestsLaunchTests.swift */,
			);
			path = AssignmentViewUITests;
			sourceTree = "<group>";
		};
		28EF32422822E78600D18B78 /* Extensions */ = {
			isa = PBXGroup;
			children = (
				28EF32432822E79B00D18B78 /* UIColorExtension.swift */,
			);
			path = Extensions;
			sourceTree = "<group>";
		};
		38A9C45473613ADE7BE2FDB6 /* Pods */ = {
			isa = PBXGroup;
			children = (
				A4EE4C3A71689F10FD5256D6 /* Pods-AssignmentView.debug.xcconfig */,
				99196B74655E96E175E3C22E /* Pods-AssignmentView.release.xcconfig */,
				CB7FF0EA32B20612397AFC21 /* Pods-AssignmentView-AssignmentViewUITests.debug.xcconfig */,
				B9CA10CF3968DD9FDFF291DC /* Pods-AssignmentView-AssignmentViewUITests.release.xcconfig */,
				890E29B5131E5C524D8C08E3 /* Pods-AssignmentViewTests.debug.xcconfig */,
				3AE2EBEACAF2305EE2C95B77 /* Pods-AssignmentViewTests.release.xcconfig */,
			);
			path = Pods;
			sourceTree = "<group>";
		};
		6C26B07B22FED4CDA60F099E /* Frameworks */ = {
			isa = PBXGroup;
			children = (
				175F1ECF23A2287A2BAFFCB7 /* Pods_AssignmentView.framework */,
				5AA60088A061167C74AEE3CE /* Pods_AssignmentView_AssignmentViewUITests.framework */,
				ED4D2E30671DFF212E3F8091 /* Pods_AssignmentViewTests.framework */,
			);
			name = Frameworks;
			sourceTree = "<group>";
		};
/* End PBXGroup section */

/* Begin PBXNativeTarget section */
		2899F339281B32A8002F3A41 /* AssignmentView */ = {
			isa = PBXNativeTarget;
			buildConfigurationList = 2899F364281B32A9002F3A41 /* Build configuration list for PBXNativeTarget "AssignmentView" */;
			buildPhases = (
				2AA4BC4CAC690CA40AC65762 /* [CP] Check Pods Manifest.lock */,
				2899F336281B32A8002F3A41 /* Sources */,
				2899F337281B32A8002F3A41 /* Frameworks */,
				2899F338281B32A8002F3A41 /* Resources */,
				091E5EB941592B23CEFE72B4 /* [CP] Embed Pods Frameworks */,
			);
			buildRules = (
			);
			dependencies = (
			);
			name = AssignmentView;
			productName = AssignmentView;
			productReference = 2899F33A281B32A8002F3A41 /* AssignmentView.app */;
			productType = "com.apple.product-type.application";
		};
		2899F34F281B32A9002F3A41 /* AssignmentViewTests */ = {
			isa = PBXNativeTarget;
			buildConfigurationList = 2899F367281B32A9002F3A41 /* Build configuration list for PBXNativeTarget "AssignmentViewTests" */;
			buildPhases = (
				BF78A0FEC9951C4092F18BEA /* [CP] Check Pods Manifest.lock */,
				2899F34C281B32A9002F3A41 /* Sources */,
				2899F34D281B32A9002F3A41 /* Frameworks */,
				2899F34E281B32A9002F3A41 /* Resources */,
			);
			buildRules = (
			);
			dependencies = (
				2899F352281B32A9002F3A41 /* PBXTargetDependency */,
			);
			name = AssignmentViewTests;
			productName = AssignmentViewTests;
			productReference = 2899F350281B32A9002F3A41 /* AssignmentViewTests.xctest */;
			productType = "com.apple.product-type.bundle.unit-test";
		};
		2899F359281B32A9002F3A41 /* AssignmentViewUITests */ = {
			isa = PBXNativeTarget;
			buildConfigurationList = 2899F36A281B32A9002F3A41 /* Build configuration list for PBXNativeTarget "AssignmentViewUITests" */;
			buildPhases = (
				C65BAB138ADCF5223D87BDE7 /* [CP] Check Pods Manifest.lock */,
				2899F356281B32A9002F3A41 /* Sources */,
				2899F357281B32A9002F3A41 /* Frameworks */,
				2899F358281B32A9002F3A41 /* Resources */,
				8F9739BFE00D6139F5A008D2 /* [CP] Embed Pods Frameworks */,
			);
			buildRules = (
			);
			dependencies = (
				2899F35C281B32A9002F3A41 /* PBXTargetDependency */,
			);
			name = AssignmentViewUITests;
			productName = AssignmentViewUITests;
			productReference = 2899F35A281B32A9002F3A41 /* AssignmentViewUITests.xctest */;
			productType = "com.apple.product-type.bundle.ui-testing";
		};
/* End PBXNativeTarget section */

/* Begin PBXProject section */
		2899F332281B32A8002F3A41 /* Project object */ = {
			isa = PBXProject;
			attributes = {
				BuildIndependentTargetsInParallel = 1;
				LastSwiftUpdateCheck = 1330;
				LastUpgradeCheck = 1330;
				TargetAttributes = {
					2899F339281B32A8002F3A41 = {
						CreatedOnToolsVersion = 13.3.1;
					};
					2899F34F281B32A9002F3A41 = {
						CreatedOnToolsVersion = 13.3.1;
						TestTargetID = 2899F339281B32A8002F3A41;
					};
					2899F359281B32A9002F3A41 = {
						CreatedOnToolsVersion = 13.3.1;
						TestTargetID = 2899F339281B32A8002F3A41;
					};
				};
			};
			buildConfigurationList = 2899F335281B32A8002F3A41 /* Build configuration list for PBXProject "AssignmentView" */;
			compatibilityVersion = "Xcode 13.0";
			developmentRegion = en;
			hasScannedForEncodings = 0;
			knownRegions = (
				en,
				Base,
			);
			mainGroup = 2899F331281B32A8002F3A41;
			productRefGroup = 2899F33B281B32A8002F3A41 /* Products */;
			projectDirPath = "";
			projectRoot = "";
			targets = (
				2899F339281B32A8002F3A41 /* AssignmentView */,
				2899F34F281B32A9002F3A41 /* AssignmentViewTests */,
				2899F359281B32A9002F3A41 /* AssignmentViewUITests */,
			);
		};
/* End PBXProject section */

/* Begin PBXResourcesBuildPhase section */
		2899F338281B32A8002F3A41 /* Resources */ = {
			isa = PBXResourcesBuildPhase;
			buildActionMask = 2147483647;
			files = (
				2899F34A281B32A9002F3A41 /* LaunchScreen.storyboard in Resources */,
				2899F347281B32A9002F3A41 /* Assets.xcassets in Resources */,
				2899F345281B32A8002F3A41 /* Main.storyboard in Resources */,
			);
			runOnlyForDeploymentPostprocessing = 0;
		};
		2899F34E281B32A9002F3A41 /* Resources */ = {
			isa = PBXResourcesBuildPhase;
			buildActionMask = 2147483647;
			files = (
			);
			runOnlyForDeploymentPostprocessing = 0;
		};
		2899F358281B32A9002F3A41 /* Resources */ = {
			isa = PBXResourcesBuildPhase;
			buildActionMask = 2147483647;
			files = (
			);
			runOnlyForDeploymentPostprocessing = 0;
		};
/* End PBXResourcesBuildPhase section */

/* Begin PBXShellScriptBuildPhase section */
		091E5EB941592B23CEFE72B4 /* [CP] Embed Pods Frameworks */ = {
			isa = PBXShellScriptBuildPhase;
			buildActionMask = 2147483647;
			files = (
			);
			inputFileListPaths = (
				"${PODS_ROOT}/Target Support Files/Pods-AssignmentView/Pods-AssignmentView-frameworks-${CONFIGURATION}-input-files.xcfilelist",
			);
			name = "[CP] Embed Pods Frameworks";
			outputFileListPaths = (
				"${PODS_ROOT}/Target Support Files/Pods-AssignmentView/Pods-AssignmentView-frameworks-${CONFIGURATION}-output-files.xcfilelist",
			);
			runOnlyForDeploymentPostprocessing = 0;
			shellPath = /bin/sh;
			shellScript = "\"${PODS_ROOT}/Target Support Files/Pods-AssignmentView/Pods-AssignmentView-frameworks.sh\"\n";
			showEnvVarsInLog = 0;
		};
		2AA4BC4CAC690CA40AC65762 /* [CP] Check Pods Manifest.lock */ = {
			isa = PBXShellScriptBuildPhase;
			buildActionMask = 2147483647;
			files = (
			);
			inputFileListPaths = (
			);
			inputPaths = (
				"${PODS_PODFILE_DIR_PATH}/Podfile.lock",
				"${PODS_ROOT}/Manifest.lock",
			);
			name = "[CP] Check Pods Manifest.lock";
			outputFileListPaths = (
			);
			outputPaths = (
				"$(DERIVED_FILE_DIR)/Pods-AssignmentView-checkManifestLockResult.txt",
			);
			runOnlyForDeploymentPostprocessing = 0;
			shellPath = /bin/sh;
			shellScript = "diff \"${PODS_PODFILE_DIR_PATH}/Podfile.lock\" \"${PODS_ROOT}/Manifest.lock\" > /dev/null\nif [ $? != 0 ] ; then\n    # print error to STDERR\n    echo \"error: The sandbox is not in sync with the Podfile.lock. Run 'pod install' or update your CocoaPods installation.\" >&2\n    exit 1\nfi\n# This output is used by Xcode 'outputs' to avoid re-running this script phase.\necho \"SUCCESS\" > \"${SCRIPT_OUTPUT_FILE_0}\"\n";
			showEnvVarsInLog = 0;
		};
		8F9739BFE00D6139F5A008D2 /* [CP] Embed Pods Frameworks */ = {
			isa = PBXShellScriptBuildPhase;
			buildActionMask = 2147483647;
			files = (
			);
			inputFileListPaths = (
				"${PODS_ROOT}/Target Support Files/Pods-AssignmentView-AssignmentViewUITests/Pods-AssignmentView-AssignmentViewUITests-frameworks-${CONFIGURATION}-input-files.xcfilelist",
			);
			name = "[CP] Embed Pods Frameworks";
			outputFileListPaths = (
				"${PODS_ROOT}/Target Support Files/Pods-AssignmentView-AssignmentViewUITests/Pods-AssignmentView-AssignmentViewUITests-frameworks-${CONFIGURATION}-output-files.xcfilelist",
			);
			runOnlyForDeploymentPostprocessing = 0;
			shellPath = /bin/sh;
			shellScript = "\"${PODS_ROOT}/Target Support Files/Pods-AssignmentView-AssignmentViewUITests/Pods-AssignmentView-AssignmentViewUITests-frameworks.sh\"\n";
			showEnvVarsInLog = 0;
		};
		BF78A0FEC9951C4092F18BEA /* [CP] Check Pods Manifest.lock */ = {
			isa = PBXShellScriptBuildPhase;
			buildActionMask = 2147483647;
			files = (
			);
			inputFileListPaths = (
			);
			inputPaths = (
				"${PODS_PODFILE_DIR_PATH}/Podfile.lock",
				"${PODS_ROOT}/Manifest.lock",
			);
			name = "[CP] Check Pods Manifest.lock";
			outputFileListPaths = (
			);
			outputPaths = (
				"$(DERIVED_FILE_DIR)/Pods-AssignmentViewTests-checkManifestLockResult.txt",
			);
			runOnlyForDeploymentPostprocessing = 0;
			shellPath = /bin/sh;
			shellScript = "diff \"${PODS_PODFILE_DIR_PATH}/Podfile.lock\" \"${PODS_ROOT}/Manifest.lock\" > /dev/null\nif [ $? != 0 ] ; then\n    # print error to STDERR\n    echo \"error: The sandbox is not in sync with the Podfile.lock. Run 'pod install' or update your CocoaPods installation.\" >&2\n    exit 1\nfi\n# This output is used by Xcode 'outputs' to avoid re-running this script phase.\necho \"SUCCESS\" > \"${SCRIPT_OUTPUT_FILE_0}\"\n";
			showEnvVarsInLog = 0;
		};
		C65BAB138ADCF5223D87BDE7 /* [CP] Check Pods Manifest.lock */ = {
			isa = PBXShellScriptBuildPhase;
			buildActionMask = 2147483647;
			files = (
			);
			inputFileListPaths = (
			);
			inputPaths = (
				"${PODS_PODFILE_DIR_PATH}/Podfile.lock",
				"${PODS_ROOT}/Manifest.lock",
			);
			name = "[CP] Check Pods Manifest.lock";
			outputFileListPaths = (
			);
			outputPaths = (
				"$(DERIVED_FILE_DIR)/Pods-AssignmentView-AssignmentViewUITests-checkManifestLockResult.txt",
			);
			runOnlyForDeploymentPostprocessing = 0;
			shellPath = /bin/sh;
			shellScript = "diff \"${PODS_PODFILE_DIR_PATH}/Podfile.lock\" \"${PODS_ROOT}/Manifest.lock\" > /dev/null\nif [ $? != 0 ] ; then\n    # print error to STDERR\n    echo \"error: The sandbox is not in sync with the Podfile.lock. Run 'pod install' or update your CocoaPods installation.\" >&2\n    exit 1\nfi\n# This output is used by Xcode 'outputs' to avoid re-running this script phase.\necho \"SUCCESS\" > \"${SCRIPT_OUTPUT_FILE_0}\"\n";
			showEnvVarsInLog = 0;
		};
/* End PBXShellScriptBuildPhase section */

/* Begin PBXSourcesBuildPhase section */
		2899F336281B32A8002F3A41 /* Sources */ = {
			isa = PBXSourcesBuildPhase;
			buildActionMask = 2147483647;
			files = (
				28ABC36328202AA300D4F93B /* NetworkingService.swift in Sources */,
				28CCD4B4281F2BBD0063E0C9 /* AssignmentViewCollectionViewCell.swift in Sources */,
				28729E1E28212083007BB461 /* SettingsTableViewCell.swift in Sources */,
				28ABC367282066FF00D4F93B /* SettingsViewController.swift in Sources */,
				28729E2028218F8C007BB461 /* Response.swift in Sources */,
				28ABC3652820335E00D4F93B /* circleProgress.swift in Sources */,
				2899F342281B32A8002F3A41 /* AssignmentView.swift in Sources */,
				28EF32442822E79B00D18B78 /* UIColorExtension.swift in Sources */,
				2899F33E281B32A8002F3A41 /* AppDelegate.swift in Sources */,
				2899F340281B32A8002F3A41 /* SceneDelegate.swift in Sources */,
			);
			runOnlyForDeploymentPostprocessing = 0;
		};
		2899F34C281B32A9002F3A41 /* Sources */ = {
			isa = PBXSourcesBuildPhase;
			buildActionMask = 2147483647;
			files = (
				2899F355281B32A9002F3A41 /* AssignmentViewTests.swift in Sources */,
			);
			runOnlyForDeploymentPostprocessing = 0;
		};
		2899F356281B32A9002F3A41 /* Sources */ = {
			isa = PBXSourcesBuildPhase;
			buildActionMask = 2147483647;
			files = (
				2899F361281B32A9002F3A41 /* AssignmentViewUITestsLaunchTests.swift in Sources */,
				2899F35F281B32A9002F3A41 /* AssignmentViewUITests.swift in Sources */,
			);
			runOnlyForDeploymentPostprocessing = 0;
		};
/* End PBXSourcesBuildPhase section */

/* Begin PBXTargetDependency section */
		2899F352281B32A9002F3A41 /* PBXTargetDependency */ = {
			isa = PBXTargetDependency;
			target = 2899F339281B32A8002F3A41 /* AssignmentView */;
			targetProxy = 2899F351281B32A9002F3A41 /* PBXContainerItemProxy */;
		};
		2899F35C281B32A9002F3A41 /* PBXTargetDependency */ = {
			isa = PBXTargetDependency;
			target = 2899F339281B32A8002F3A41 /* AssignmentView */;
			targetProxy = 2899F35B281B32A9002F3A41 /* PBXContainerItemProxy */;
		};
/* End PBXTargetDependency section */

/* Begin PBXVariantGroup section */
		2899F343281B32A8002F3A41 /* Main.storyboard */ = {
			isa = PBXVariantGroup;
			children = (
				2899F344281B32A8002F3A41 /* Base */,
			);
			name = Main.storyboard;
			sourceTree = "<group>";
		};
		2899F348281B32A9002F3A41 /* LaunchScreen.storyboard */ = {
			isa = PBXVariantGroup;
			children = (
				2899F349281B32A9002F3A41 /* Base */,
			);
			name = LaunchScreen.storyboard;
			sourceTree = "<group>";
		};
/* End PBXVariantGroup section */

/* Begin XCBuildConfiguration section */
		2899F362281B32A9002F3A41 /* Debug */ = {
			isa = XCBuildConfiguration;
			buildSettings = {
				ALWAYS_SEARCH_USER_PATHS = NO;
				CLANG_ANALYZER_NONNULL = YES;
				CLANG_ANALYZER_NUMBER_OBJECT_CONVERSION = YES_AGGRESSIVE;
				CLANG_CXX_LANGUAGE_STANDARD = "gnu++17";
				CLANG_ENABLE_MODULES = YES;
				CLANG_ENABLE_OBJC_ARC = YES;
				CLANG_ENABLE_OBJC_WEAK = YES;
				CLANG_WARN_BLOCK_CAPTURE_AUTORELEASING = YES;
				CLANG_WARN_BOOL_CONVERSION = YES;
				CLANG_WARN_COMMA = YES;
				CLANG_WARN_CONSTANT_CONVERSION = YES;
				CLANG_WARN_DEPRECATED_OBJC_IMPLEMENTATIONS = YES;
				CLANG_WARN_DIRECT_OBJC_ISA_USAGE = YES_ERROR;
				CLANG_WARN_DOCUMENTATION_COMMENTS = YES;
				CLANG_WARN_EMPTY_BODY = YES;
				CLANG_WARN_ENUM_CONVERSION = YES;
				CLANG_WARN_INFINITE_RECURSION = YES;
				CLANG_WARN_INT_CONVERSION = YES;
				CLANG_WARN_NON_LITERAL_NULL_CONVERSION = YES;
				CLANG_WARN_OBJC_IMPLICIT_RETAIN_SELF = YES;
				CLANG_WARN_OBJC_LITERAL_CONVERSION = YES;
				CLANG_WARN_OBJC_ROOT_CLASS = YES_ERROR;
				CLANG_WARN_QUOTED_INCLUDE_IN_FRAMEWORK_HEADER = YES;
				CLANG_WARN_RANGE_LOOP_ANALYSIS = YES;
				CLANG_WARN_STRICT_PROTOTYPES = YES;
				CLANG_WARN_SUSPICIOUS_MOVE = YES;
				CLANG_WARN_UNGUARDED_AVAILABILITY = YES_AGGRESSIVE;
				CLANG_WARN_UNREACHABLE_CODE = YES;
				CLANG_WARN__DUPLICATE_METHOD_MATCH = YES;
				COPY_PHASE_STRIP = NO;
				DEBUG_INFORMATION_FORMAT = dwarf;
				ENABLE_STRICT_OBJC_MSGSEND = YES;
				ENABLE_TESTABILITY = YES;
				GCC_C_LANGUAGE_STANDARD = gnu11;
				GCC_DYNAMIC_NO_PIC = NO;
				GCC_NO_COMMON_BLOCKS = YES;
				GCC_OPTIMIZATION_LEVEL = 0;
				GCC_PREPROCESSOR_DEFINITIONS = (
					"DEBUG=1",
					"$(inherited)",
				);
				GCC_WARN_64_TO_32_BIT_CONVERSION = YES;
				GCC_WARN_ABOUT_RETURN_TYPE = YES_ERROR;
				GCC_WARN_UNDECLARED_SELECTOR = YES;
				GCC_WARN_UNINITIALIZED_AUTOS = YES_AGGRESSIVE;
				GCC_WARN_UNUSED_FUNCTION = YES;
				GCC_WARN_UNUSED_VARIABLE = YES;
				IPHONEOS_DEPLOYMENT_TARGET = 15.4;
				MTL_ENABLE_DEBUG_INFO = INCLUDE_SOURCE;
				MTL_FAST_MATH = YES;
				ONLY_ACTIVE_ARCH = YES;
				SDKROOT = iphoneos;
				SWIFT_ACTIVE_COMPILATION_CONDITIONS = DEBUG;
				SWIFT_OPTIMIZATION_LEVEL = "-Onone";
			};
			name = Debug;
		};
		2899F363281B32A9002F3A41 /* Release */ = {
			isa = XCBuildConfiguration;
			buildSettings = {
				ALWAYS_SEARCH_USER_PATHS = NO;
				CLANG_ANALYZER_NONNULL = YES;
				CLANG_ANALYZER_NUMBER_OBJECT_CONVERSION = YES_AGGRESSIVE;
				CLANG_CXX_LANGUAGE_STANDARD = "gnu++17";
				CLANG_ENABLE_MODULES = YES;
				CLANG_ENABLE_OBJC_ARC = YES;
				CLANG_ENABLE_OBJC_WEAK = YES;
				CLANG_WARN_BLOCK_CAPTURE_AUTORELEASING = YES;
				CLANG_WARN_BOOL_CONVERSION = YES;
				CLANG_WARN_COMMA = YES;
				CLANG_WARN_CONSTANT_CONVERSION = YES;
				CLANG_WARN_DEPRECATED_OBJC_IMPLEMENTATIONS = YES;
				CLANG_WARN_DIRECT_OBJC_ISA_USAGE = YES_ERROR;
				CLANG_WARN_DOCUMENTATION_COMMENTS = YES;
				CLANG_WARN_EMPTY_BODY = YES;
				CLANG_WARN_ENUM_CONVERSION = YES;
				CLANG_WARN_INFINITE_RECURSION = YES;
				CLANG_WARN_INT_CONVERSION = YES;
				CLANG_WARN_NON_LITERAL_NULL_CONVERSION = YES;
				CLANG_WARN_OBJC_IMPLICIT_RETAIN_SELF = YES;
				CLANG_WARN_OBJC_LITERAL_CONVERSION = YES;
				CLANG_WARN_OBJC_ROOT_CLASS = YES_ERROR;
				CLANG_WARN_QUOTED_INCLUDE_IN_FRAMEWORK_HEADER = YES;
				CLANG_WARN_RANGE_LOOP_ANALYSIS = YES;
				CLANG_WARN_STRICT_PROTOTYPES = YES;
				CLANG_WARN_SUSPICIOUS_MOVE = YES;
				CLANG_WARN_UNGUARDED_AVAILABILITY = YES_AGGRESSIVE;
				CLANG_WARN_UNREACHABLE_CODE = YES;
				CLANG_WARN__DUPLICATE_METHOD_MATCH = YES;
				COPY_PHASE_STRIP = NO;
				DEBUG_INFORMATION_FORMAT = "dwarf-with-dsym";
				ENABLE_NS_ASSERTIONS = NO;
				ENABLE_STRICT_OBJC_MSGSEND = YES;
				GCC_C_LANGUAGE_STANDARD = gnu11;
				GCC_NO_COMMON_BLOCKS = YES;
				GCC_WARN_64_TO_32_BIT_CONVERSION = YES;
				GCC_WARN_ABOUT_RETURN_TYPE = YES_ERROR;
				GCC_WARN_UNDECLARED_SELECTOR = YES;
				GCC_WARN_UNINITIALIZED_AUTOS = YES_AGGRESSIVE;
				GCC_WARN_UNUSED_FUNCTION = YES;
				GCC_WARN_UNUSED_VARIABLE = YES;
				IPHONEOS_DEPLOYMENT_TARGET = 15.4;
				MTL_ENABLE_DEBUG_INFO = NO;
				MTL_FAST_MATH = YES;
				SDKROOT = iphoneos;
				SWIFT_COMPILATION_MODE = wholemodule;
				SWIFT_OPTIMIZATION_LEVEL = "-O";
				VALIDATE_PRODUCT = YES;
			};
			name = Release;
		};
		2899F365281B32A9002F3A41 /* Debug */ = {
			isa = XCBuildConfiguration;
			baseConfigurationReference = A4EE4C3A71689F10FD5256D6 /* Pods-AssignmentView.debug.xcconfig */;
			buildSettings = {
				ASSETCATALOG_COMPILER_APPICON_NAME = AppIcon;
				ASSETCATALOG_COMPILER_GLOBAL_ACCENT_COLOR_NAME = AccentColor;
				CODE_SIGN_STYLE = Automatic;
				CURRENT_PROJECT_VERSION = 1;
				DEVELOPMENT_TEAM = YN68PVVGP5;
				GENERATE_INFOPLIST_FILE = YES;
				INFOPLIST_FILE = AssignmentView/Info.plist;
				INFOPLIST_KEY_UIApplicationSupportsIndirectInputEvents = YES;
				INFOPLIST_KEY_UILaunchStoryboardName = LaunchScreen;
				INFOPLIST_KEY_UIMainStoryboardFile = Main;
				INFOPLIST_KEY_UISupportedInterfaceOrientations_iPad = "UIInterfaceOrientationPortrait UIInterfaceOrientationPortraitUpsideDown UIInterfaceOrientationLandscapeLeft UIInterfaceOrientationLandscapeRight";
				INFOPLIST_KEY_UISupportedInterfaceOrientations_iPhone = "UIInterfaceOrientationPortrait UIInterfaceOrientationLandscapeLeft UIInterfaceOrientationLandscapeRight";
				LD_RUNPATH_SEARCH_PATHS = (
					"$(inherited)",
					"@executable_path/Frameworks",
				);
				MARKETING_VERSION = 1.0;
				PRODUCT_BUNDLE_IDENTIFIER = Kumdak.AssignmentView;
				PRODUCT_NAME = "$(TARGET_NAME)";
				SWIFT_EMIT_LOC_STRINGS = YES;
				SWIFT_VERSION = 5.0;
				TARGETED_DEVICE_FAMILY = "1,2";
			};
			name = Debug;
		};
		2899F366281B32A9002F3A41 /* Release */ = {
			isa = XCBuildConfiguration;
			baseConfigurationReference = 99196B74655E96E175E3C22E /* Pods-AssignmentView.release.xcconfig */;
			buildSettings = {
				ASSETCATALOG_COMPILER_APPICON_NAME = AppIcon;
				ASSETCATALOG_COMPILER_GLOBAL_ACCENT_COLOR_NAME = AccentColor;
				CODE_SIGN_STYLE = Automatic;
				CURRENT_PROJECT_VERSION = 1;
				DEVELOPMENT_TEAM = YN68PVVGP5;
				GENERATE_INFOPLIST_FILE = YES;
				INFOPLIST_FILE = AssignmentView/Info.plist;
				INFOPLIST_KEY_UIApplicationSupportsIndirectInputEvents = YES;
				INFOPLIST_KEY_UILaunchStoryboardName = LaunchScreen;
				INFOPLIST_KEY_UIMainStoryboardFile = Main;
				INFOPLIST_KEY_UISupportedInterfaceOrientations_iPad = "UIInterfaceOrientationPortrait UIInterfaceOrientationPortraitUpsideDown UIInterfaceOrientationLandscapeLeft UIInterfaceOrientationLandscapeRight";
				INFOPLIST_KEY_UISupportedInterfaceOrientations_iPhone = "UIInterfaceOrientationPortrait UIInterfaceOrientationLandscapeLeft UIInterfaceOrientationLandscapeRight";
				LD_RUNPATH_SEARCH_PATHS = (
					"$(inherited)",
					"@executable_path/Frameworks",
				);
				MARKETING_VERSION = 1.0;
				PRODUCT_BUNDLE_IDENTIFIER = Kumdak.AssignmentView;
				PRODUCT_NAME = "$(TARGET_NAME)";
				SWIFT_EMIT_LOC_STRINGS = YES;
				SWIFT_VERSION = 5.0;
				TARGETED_DEVICE_FAMILY = "1,2";
			};
			name = Release;
		};
		2899F368281B32A9002F3A41 /* Debug */ = {
			isa = XCBuildConfiguration;
			baseConfigurationReference = 890E29B5131E5C524D8C08E3 /* Pods-AssignmentViewTests.debug.xcconfig */;
			buildSettings = {
				ALWAYS_EMBED_SWIFT_STANDARD_LIBRARIES = YES;
				BUNDLE_LOADER = "$(TEST_HOST)";
				CODE_SIGN_STYLE = Automatic;
				CURRENT_PROJECT_VERSION = 1;
				DEVELOPMENT_TEAM = YN68PVVGP5;
				GENERATE_INFOPLIST_FILE = YES;
				IPHONEOS_DEPLOYMENT_TARGET = 15.4;
				MARKETING_VERSION = 1.0;
				PRODUCT_BUNDLE_IDENTIFIER = Kumdak.AssignmentViewTests;
				PRODUCT_NAME = "$(TARGET_NAME)";
				SWIFT_EMIT_LOC_STRINGS = NO;
				SWIFT_VERSION = 5.0;
				TARGETED_DEVICE_FAMILY = "1,2";
				TEST_HOST = "$(BUILT_PRODUCTS_DIR)/AssignmentView.app/AssignmentView";
			};
			name = Debug;
		};
		2899F369281B32A9002F3A41 /* Release */ = {
			isa = XCBuildConfiguration;
			baseConfigurationReference = 3AE2EBEACAF2305EE2C95B77 /* Pods-AssignmentViewTests.release.xcconfig */;
			buildSettings = {
				ALWAYS_EMBED_SWIFT_STANDARD_LIBRARIES = YES;
				BUNDLE_LOADER = "$(TEST_HOST)";
				CODE_SIGN_STYLE = Automatic;
				CURRENT_PROJECT_VERSION = 1;
				DEVELOPMENT_TEAM = YN68PVVGP5;
				GENERATE_INFOPLIST_FILE = YES;
				IPHONEOS_DEPLOYMENT_TARGET = 15.4;
				MARKETING_VERSION = 1.0;
				PRODUCT_BUNDLE_IDENTIFIER = Kumdak.AssignmentViewTests;
				PRODUCT_NAME = "$(TARGET_NAME)";
				SWIFT_EMIT_LOC_STRINGS = NO;
				SWIFT_VERSION = 5.0;
				TARGETED_DEVICE_FAMILY = "1,2";
				TEST_HOST = "$(BUILT_PRODUCTS_DIR)/AssignmentView.app/AssignmentView";
			};
			name = Release;
		};
		2899F36B281B32A9002F3A41 /* Debug */ = {
			isa = XCBuildConfiguration;
			baseConfigurationReference = CB7FF0EA32B20612397AFC21 /* Pods-AssignmentView-AssignmentViewUITests.debug.xcconfig */;
			buildSettings = {
				ALWAYS_EMBED_SWIFT_STANDARD_LIBRARIES = YES;
				CODE_SIGN_STYLE = Automatic;
				CURRENT_PROJECT_VERSION = 1;
				DEVELOPMENT_TEAM = YN68PVVGP5;
				GENERATE_INFOPLIST_FILE = YES;
				MARKETING_VERSION = 1.0;
				PRODUCT_BUNDLE_IDENTIFIER = Kumdak.AssignmentViewUITests;
				PRODUCT_NAME = "$(TARGET_NAME)";
				SWIFT_EMIT_LOC_STRINGS = NO;
				SWIFT_VERSION = 5.0;
				TARGETED_DEVICE_FAMILY = "1,2";
				TEST_TARGET_NAME = AssignmentView;
			};
			name = Debug;
		};
		2899F36C281B32A9002F3A41 /* Release */ = {
			isa = XCBuildConfiguration;
			baseConfigurationReference = B9CA10CF3968DD9FDFF291DC /* Pods-AssignmentView-AssignmentViewUITests.release.xcconfig */;
			buildSettings = {
				ALWAYS_EMBED_SWIFT_STANDARD_LIBRARIES = YES;
				CODE_SIGN_STYLE = Automatic;
				CURRENT_PROJECT_VERSION = 1;
				DEVELOPMENT_TEAM = YN68PVVGP5;
				GENERATE_INFOPLIST_FILE = YES;
				MARKETING_VERSION = 1.0;
				PRODUCT_BUNDLE_IDENTIFIER = Kumdak.AssignmentViewUITests;
				PRODUCT_NAME = "$(TARGET_NAME)";
				SWIFT_EMIT_LOC_STRINGS = NO;
				SWIFT_VERSION = 5.0;
				TARGETED_DEVICE_FAMILY = "1,2";
				TEST_TARGET_NAME = AssignmentView;
			};
			name = Release;
		};
/* End XCBuildConfiguration section */

/* Begin XCConfigurationList section */
		2899F335281B32A8002F3A41 /* Build configuration list for PBXProject "AssignmentView" */ = {
			isa = XCConfigurationList;
			buildConfigurations = (
				2899F362281B32A9002F3A41 /* Debug */,
				2899F363281B32A9002F3A41 /* Release */,
			);
			defaultConfigurationIsVisible = 0;
			defaultConfigurationName = Release;
		};
		2899F364281B32A9002F3A41 /* Build configuration list for PBXNativeTarget "AssignmentView" */ = {
			isa = XCConfigurationList;
			buildConfigurations = (
				2899F365281B32A9002F3A41 /* Debug */,
				2899F366281B32A9002F3A41 /* Release */,
			);
			defaultConfigurationIsVisible = 0;
			defaultConfigurationName = Release;
		};
		2899F367281B32A9002F3A41 /* Build configuration list for PBXNativeTarget "AssignmentViewTests" */ = {
			isa = XCConfigurationList;
			buildConfigurations = (
				2899F368281B32A9002F3A41 /* Debug */,
				2899F369281B32A9002F3A41 /* Release */,
			);
			defaultConfigurationIsVisible = 0;
			defaultConfigurationName = Release;
		};
		2899F36A281B32A9002F3A41 /* Build configuration list for PBXNativeTarget "AssignmentViewUITests" */ = {
			isa = XCConfigurationList;
			buildConfigurations = (
				2899F36B281B32A9002F3A41 /* Debug */,
				2899F36C281B32A9002F3A41 /* Release */,
			);
			defaultConfigurationIsVisible = 0;
			defaultConfigurationName = Release;
		};
/* End XCConfigurationList section */
	};
	rootObject = 2899F332281B32A8002F3A41 /* Project object */;
}
